{
  "nodes": {
    "nixpkgs": {
      "locked": {
        "lastModified": 1748987304,
        "narHash": "sha256-SbHyhD6eJfyhoFRBd55aGB2vFT+xWeSNA4Qfr1w14Qk=",
        "owner": "nixos",
        "repo": "nixpkgs",
        "rev": "a2a95e9d1a841418d6e74fb8d68fbdd546ffef65",
        "type": "github"
      },
      "original": {
        "owner": "nixos",
        "repo": "nixpkgs",
        "type": "github"
      }
    },
    "root": {
      "inputs": {
        "nixpkgs": "nixpkgs"
      }
    }
  },
  "root": "root",
  "version": 7
}
